PODS:
  - AMCoreAudio (3.4)
  - EmitterKit (5.2.2)
  - KeychainSwift (24.0.0)
  - ReSwift (6.1.1)
  - Sentry (8.58.0):
    - Sentry/Core (= 8.58.0)
  - Sentry/Core (8.58.0)
  - Sparkle (2.8.1)
  - STPrivilegedTask (1.0.6)
  - SwiftHTTP (3.0.1)
  - SwiftyJSON (5.0.2)
  - SwiftyUserDefaults (5.3.0)
  - WebViewJavascriptBridge (6.0.3)
  - Zip (2.1.2)

DEPENDENCIES:
  - AMCoreAudio (from `https://github.com/rnine/SimplyCoreAudio.git`, tag `3.4`)
  - EmitterKit (~> 5.2)
  - KeychainSwift (~> 24.0)
  - ReSwift (~> 6.1)
  - Sentry (~> 8.36)
  - Sparkle (~> 2.6)
  - STPrivilegedTask (from `https://github.com/sveinbjornt/STPrivilegedTask.git`, tag `1.0.7`)
  - SwiftHTTP (from `https://github.com/daltoniam/SwiftHTTP.git`)
  - SwiftyJSON (~> 5.0)
  - SwiftyUserDefaults (~> 5.3)
  - WebViewJavascriptBridge (~> 6.0)
  - Zip (~> 2.1)

SPEC REPOS:
  trunk:
    - EmitterKit
    - KeychainSwift
    - ReSwift
    - Sentry
    - Sparkle
    - SwiftyJSON
    - SwiftyUserDefaults
    - WebViewJavascriptBridge
    - Zip

EXTERNAL SOURCES:
  AMCoreAudio:
    :git: https://github.com/rnine/SimplyCoreAudio.git
    :tag: '3.4'
  STPrivilegedTask:
    :git: https://github.com/sveinbjornt/STPrivilegedTask.git
    :tag: 1.0.7
  SwiftHTTP:
    :git: https://github.com/daltoniam/SwiftHTTP.git

CHECKOUT OPTIONS:
  AMCoreAudio:
    :git: https://github.com/rnine/SimplyCoreAudio.git
    :tag: '3.4'
  STPrivilegedTask:
    :git: https://github.com/sveinbjornt/STPrivilegedTask.git
    :tag: 1.0.7
  SwiftHTTP:
    :commit: 754859eda86630ae8e56c49d06eb407b5815317f
    :git: https://github.com/daltoniam/SwiftHTTP.git

SPEC CHECKSUMS:
  AMCoreAudio: dc23ebb735541a90fc8167435ad25bfa5bff8b89
  EmitterKit: e7a27b37118823d8ad413b8396f75e40d59f8cba
  KeychainSwift: 007c4647486e4563adca839cf02cef00deb3b670
  ReSwift: 929afd2c897f0d33c76c730710a31bb2d2a66713
  Sentry: d587a8fe91ca13503ecd69a1905f3e8a0fcf61be
  Sparkle: a346a4341537c625955751ed3ae4b340b68551fa
  STPrivilegedTask: ce9ac4aef5293eb644796cbe54866c2475ae3bca
  SwiftHTTP: d93ce9740f7728b5c39455a49f03bdfc8b1dc0f5
  SwiftyJSON: f5b1bf1cd8dd53cd25887ac0eabcfd92301c6a5a
  SwiftyUserDefaults: 63f80248cf5bfb3458825d9a78f2eb7e1293a040
  WebViewJavascriptBridge: 7f5bc4d3581e672e8f32bd0f812d54bc69bb8e29
  Zip: b3fef584b147b6e582b2256a9815c897d60ddc67

PODFILE CHECKSUM: e38d56b1d5756626c03b873ef0cdd5668cad3af2

COCOAPODS: 1.16.2
